
Microsoft Visual Studio Solution File, Format Version 12.00
# Visual Studio Version 17
VisualStudioVersion = 17.8.34408.163
MinimumVisualStudioVersion = 10.0.40219.1
Project("{9A19103F-16F7-4668-BE54-9A1E7A4F7556}") = "ListaDeTarefas", "UmProjeto\ListaDeTarefas.csproj", "{8B22BB55-E9A3-45E6-A8E6-2A008E99BFFF}"
EndProject
Global
	GlobalSection(SolutionConfigurationPlatforms) = preSolution
		Debug|Any CPU = Debug|Any CPU
		Release|Any CPU = Release|Any CPU
	EndGlobalSection
	GlobalSection(ProjectConfigurationPlatforms) = postSolution
		{8B22BB55-E9A3-45E6-A8E6-2A008E99BFFF}.Debug|Any CPU.ActiveCfg = Debug|Any CPU
		{8B22BB55-E9A3-45E6-A8E6-2A008E99BFFF}.Debug|Any CPU.Build.0 = Debug|Any CPU
		{8B22BB55-E9A3-45E6-A8E6-2A008E99BFFF}.Release|Any CPU.ActiveCfg = Release|Any CPU
		{8B22BB55-E9A3-45E6-A8E6-2A008E99BFFF}.Release|Any CPU.Build.0 = Release|Any CPU
	EndGlobalSection
	GlobalSection(SolutionProperties) = preSolution
		HideSolutionNode = FALSE
	EndGlobalSection
	GlobalSection(ExtensibilityGlobals) = postSolution
		SolutionGuid = {9535D668-6A90-482C-A53A-631B2FA78C04}
	EndGlobalSection
EndGlobal
